
Microsoft Visual Studio Solution File, Format Version 12.00
Project("{FAE04EC0-301F-11D3-BF4B-00C04F79EFBC}") = "MyZooEmulator", "MyZooEmulator\MyZooEmulator.csproj", "{99214AC1-92BE-4ED8-BD91-D32EC3B8609B}"
EndProject
Global
	GlobalSection(SolutionConfigurationPlatforms) = preSolution
		Debug|Any CPU = Debug|Any CPU
		Release|Any CPU = Release|Any CPU
	EndGlobalSection
	GlobalSection(ProjectConfigurationPlatforms) = postSolution
		{99214AC1-92BE-4ED8-BD91-D32EC3B8609B}.Debug|Any CPU.ActiveCfg = Debug|Any CPU
		{99214AC1-92BE-4ED8-BD91-D32EC3B8609B}.Debug|Any CPU.Build.0 = Debug|Any CPU
		{99214AC1-92BE-4ED8-BD91-D32EC3B8609B}.Release|Any CPU.ActiveCfg = Release|Any CPU
		{99214AC1-92BE-4ED8-BD91-D32EC3B8609B}.Release|Any CPU.Build.0 = Release|Any CPU
	EndGlobalSection
EndGlobal
